<?xml version="1.0" encoding="UTF-8" standalone="yes" ?>
<CodeBlocks_project_file>
	<FileVersion major="1" minor="6" />
	<Project>
		<Option title="6F03_Project" />
		<Option pch_mode="2" />
		<Option compiler="gcc" />
		<Build>
			<Target title="Debug">
				<Option output="bin/Debug/6F03_Project" prefix_auto="1" extension_auto="1" />
				<Option object_output="obj/Debug/" />
				<Option type="1" />
				<Option compiler="gcc" />
				<Compiler>
					<Add option="-g" />
				</Compiler>
			</Target>
			<Target title="Release">
				<Option output="bin/Release/6F03_Project" prefix_auto="1" extension_auto="1" />
				<Option object_output="obj/Release/" />
				<Option type="1" />
				<Option compiler="gcc" />
				<Compiler>
					<Add option="-O2" />
				</Compiler>
				<Linker>
					<Add option="-s" />
				</Linker>
			</Target>
		</Build>
		<Compiler>
			<Add option="-Wall" />
		</Compiler>
		<Unit filename="3d.cc" />
		<Unit filename="3d.h" />
		<Unit filename="camera.h" />
		<Unit filename="color.h" />
		<Unit filename="getcolor.cc" />
		<Unit filename="getparams.cc" />
		<Unit filename="hitdata.cc" />
		<Unit filename="hitdata.h" />
		<Unit filename="init3D.cc" />
		<Unit filename="main.cc" />
		<Unit filename="makefile" />
		<Unit filename="mandelbox.h" />
		<Unit filename="mandelboxde_impl.h" />
		<Unit filename="paramsBox.dat" />
		<Unit filename="paramsBulb.dat" />
		<Unit filename="print.cc" />
		<Unit filename="raymarching_box.cc" />
		<Unit filename="raymarching_bulb.cc" />
		<Unit filename="renderer.cc" />
		<Unit filename="renderer.h" />
		<Unit filename="renderer_omp.cc" />
		<Unit filename="savebmp.cc" />
		<Unit filename="savedata.cc" />
		<Unit filename="smoothmove.cc" />
		<Unit filename="timing.cc" />
		<Unit filename="vector3d.h" />
		<Extensions>
			<code_completion />
			<debugger />
		</Extensions>
	</Project>
</CodeBlocks_project_file>
